{"version":4,"terraform_version":"1.11.5","serial":1,"lineage":"c8604ad5-2f05-b314-2579-1839d3d840e9","outputs":{"instance_id":{"value":"i-f3dc436032090982e","type":"string"},"private_ip":{"value":"10.45.32.202","type":"string"}},"resources":[{"mode":"managed","type":"aws_instance","name":"ec2_test","provider":"provider[\"registry.opentofu.org/hashicorp/aws\"]","instances":[{"schema_version":1,"attributes":{"ami":"ami-005e54dee72cc1d00","arn":"arn:aws:ec2:us-east-1::instance/i-f3dc436032090982e","associate_public_ip_address":true,"availability_zone":"us-east-1a","capacity_reservation_specification":[],"cpu_core_count":null,"cpu_options":[],"cpu_threads_per_core":null,"credit_specification":[{"cpu_credits":"standard"}],"disable_api_stop":false,"disable_api_termination":false,"ebs_block_device":[],"ebs_optimized":false,"enable_primary_ipv6":null,"enclave_options":[],"ephemeral_block_device":[],"get_password_data":false,"hibernation":false,"host_id":"","host_resource_group_arn":null,"iam_instance_profile":"","id":"i-f3dc436032090982e","instance_initiated_shutdown_behavior":"stop","instance_lifecycle":"","instance_market_options":[],"instance_state":"running","instance_type":"t2.micro","ipv6_address_count":0,"ipv6_addresses":[],"key_name":"","launch_template":[],"maintenance_options":[],"metadata_options":[{"http_endpoint":"enabled","http_protocol_ipv6":"disabled","http_put_response_hop_limit":1,"http_tokens":"optional","instance_metadata_tags":"disabled"}],"monitoring":false,"network_interface":[],"outpost_arn":"","password_data":"","placement_group":"","placement_partition_number":0,"primary_network_interface_id":"eni-594713d76732f3745","private_dns":"ip-10-45-32-202.ec2.internal","private_dns_name_options":[],"private_ip":"10.45.32.202","public_dns":"ec2-54-214-146-56.compute-1.amazonaws.com","public_ip":"54.214.146.56","root_block_device":[{"delete_on_termination":true,"device_name":"/dev/sda1","encrypted":false,"iops":0,"kms_key_id":"","tags":{},"tags_all":{},"throughput":0,"volume_id":"vol-91a2857d8d9d735e9","volume_size":8,"volume_type":"gp2"}],"secondary_private_ips":[],"security_groups":[],"source_dest_check":true,"spot_instance_request_id":"","subnet_id":"subnet-29bc7ea784af46dc4","tags":{"Name":"ec2_test-localstack"},"tags_all":{"Name":"ec2_test-localstack"},"tenancy":"default","timeouts":null,"user_data":null,"user_data_base64":null,"user_data_replace_on_change":false,"volume_tags":null,"vpc_security_group_ids":[]},"sensitive_attributes":[],"private":"eyJlMmJmYjczMC1lY2FhLTExZTYtOGY4OC0zNDM2M2JjN2M0YzAiOnsiY3JlYXRlIjo2MDAwMDAwMDAwMDAsImRlbGV0ZSI6MTIwMDAwMDAwMDAwMCwicmVhZCI6OTAwMDAwMDAwMDAwLCJ1cGRhdGUiOjYwMDAwMDAwMDAwMH0sInNjaGVtYV92ZXJzaW9uIjoiMSJ9"}]}],"check_results":null}
